
Microsoft Visual Studio Solution File, Format Version 12.00
# Visual Studio Version 17
VisualStudioVersion = 17.0.32112.339
MinimumVisualStudioVersion = 10.0.40219.1
Project("{FAE04EC0-301F-11D3-BF4B-00C04F79EFBC}") = "ImpactAtm", "ImpactAtm\ImpactAtm.csproj", "{0AAFCF88-2062-4967-B93C-26BED477A31E}"
EndProject
Project("{FAE04EC0-301F-11D3-BF4B-00C04F79EFBC}") = "ImpactAtmTests", "ImpactAtmTests\ImpactAtmTests.csproj", "{8C5B2F68-71D7-456D-BADB-0C38384025F0}"
EndProject
Global
	GlobalSection(SolutionConfigurationPlatforms) = preSolution
		Debug|Any CPU = Debug|Any CPU
		Release|Any CPU = Release|Any CPU
	EndGlobalSection
	GlobalSection(ProjectConfigurationPlatforms) = postSolution
		{0AAFCF88-2062-4967-B93C-26BED477A31E}.Debug|Any CPU.ActiveCfg = Debug|Any CPU
		{0AAFCF88-2062-4967-B93C-26BED477A31E}.Debug|Any CPU.Build.0 = Debug|Any CPU
		{0AAFCF88-2062-4967-B93C-26BED477A31E}.Release|Any CPU.ActiveCfg = Release|Any CPU
		{0AAFCF88-2062-4967-B93C-26BED477A31E}.Release|Any CPU.Build.0 = Release|Any CPU
		{8C5B2F68-71D7-456D-BADB-0C38384025F0}.Debug|Any CPU.ActiveCfg = Debug|Any CPU
		{8C5B2F68-71D7-456D-BADB-0C38384025F0}.Debug|Any CPU.Build.0 = Debug|Any CPU
		{8C5B2F68-71D7-456D-BADB-0C38384025F0}.Release|Any CPU.ActiveCfg = Release|Any CPU
		{8C5B2F68-71D7-456D-BADB-0C38384025F0}.Release|Any CPU.Build.0 = Release|Any CPU
	EndGlobalSection
	GlobalSection(SolutionProperties) = preSolution
		HideSolutionNode = FALSE
	EndGlobalSection
	GlobalSection(ExtensibilityGlobals) = postSolution
		SolutionGuid = {DBB07AE7-E3F2-4FEA-A607-7B861FDBD13A}
	EndGlobalSection
EndGlobal
